
Microsoft Visual Studio Solution File, Format Version 12.00
# Visual Studio Version 16
VisualStudioVersion = 16.0.31515.178
MinimumVisualStudioVersion = 10.0.40219.1
Project("{8BC9CEB8-8B4A-11D0-8D11-00A0C91BC942}") = "LabOAP1", "LabOAP1\LabOAP1.vcxproj", "{CE0B1935-52FB-4739-B417-6BE4672E4D2B}"
EndProject
Global
	GlobalSection(SolutionConfigurationPlatforms) = preSolution
		Debug|x64 = Debug|x64
		Debug|x86 = Debug|x86
		Release|x64 = Release|x64
		Release|x86 = Release|x86
	EndGlobalSection
	GlobalSection(ProjectConfigurationPlatforms) = postSolution
		{CE0B1935-52FB-4739-B417-6BE4672E4D2B}.Debug|x64.ActiveCfg = Debug|x64
		{CE0B1935-52FB-4739-B417-6BE4672E4D2B}.Debug|x64.Build.0 = Debug|x64
		{CE0B1935-52FB-4739-B417-6BE4672E4D2B}.Debug|x86.ActiveCfg = Debug|Win32
		{CE0B1935-52FB-4739-B417-6BE4672E4D2B}.Debug|x86.Build.0 = Debug|Win32
		{CE0B1935-52FB-4739-B417-6BE4672E4D2B}.Release|x64.ActiveCfg = Release|x64
		{CE0B1935-52FB-4739-B417-6BE4672E4D2B}.Release|x64.Build.0 = Release|x64
		{CE0B1935-52FB-4739-B417-6BE4672E4D2B}.Release|x86.ActiveCfg = Release|Win32
		{CE0B1935-52FB-4739-B417-6BE4672E4D2B}.Release|x86.Build.0 = Release|Win32
	EndGlobalSection
	GlobalSection(SolutionProperties) = preSolution
		HideSolutionNode = FALSE
	EndGlobalSection
	GlobalSection(ExtensibilityGlobals) = postSolution
		SolutionGuid = {E6EE93CF-1F29-4BCE-BF13-37DF5D722428}
	EndGlobalSection
EndGlobal
